
Microsoft Visual Studio Solution File, Format Version 12.00
# Visual Studio Version 17
VisualStudioVersion = 17.9.34728.123
MinimumVisualStudioVersion = 10.0.40219.1
Project("{FAE04EC0-301F-11D3-BF4B-00C04F79EFBC}") = "Parcial2", "Parcial2\Parcial2.csproj", "{E07B3565-6718-4B38-8716-9917EB097C94}"
EndProject
Global
	GlobalSection(SolutionConfigurationPlatforms) = preSolution
		Debug|Any CPU = Debug|Any CPU
		Release|Any CPU = Release|Any CPU
	EndGlobalSection
	GlobalSection(ProjectConfigurationPlatforms) = postSolution
		{E07B3565-6718-4B38-8716-9917EB097C94}.Debug|Any CPU.ActiveCfg = Debug|Any CPU
		{E07B3565-6718-4B38-8716-9917EB097C94}.Debug|Any CPU.Build.0 = Debug|Any CPU
		{E07B3565-6718-4B38-8716-9917EB097C94}.Release|Any CPU.ActiveCfg = Release|Any CPU
		{E07B3565-6718-4B38-8716-9917EB097C94}.Release|Any CPU.Build.0 = Release|Any CPU
	EndGlobalSection
	GlobalSection(SolutionProperties) = preSolution
		HideSolutionNode = FALSE
	EndGlobalSection
	GlobalSection(ExtensibilityGlobals) = postSolution
		SolutionGuid = {7FAF6D82-1079-4584-813D-B9FD33CC201B}
	EndGlobalSection
EndGlobal
